#MicroXplorer Configuration settings - do not modify
CAD.formats=
CAD.pinconfig=
CAD.provider=
CORTEX_M33.BasicParams=CortexM33EthoMode
CORTEX_M33.IPParameters=BasicParams
CORTEX_M33.BasicParams=CortexM33EthoMode
File.Version=6
GPIO.groupedBy=Group By Peripherals
I2C1.IPParameters=Timing
I2C1.Timing=0x00C02EB5
KeepUserPlacement=false
Mcu.CPN=STM32U575RCT6
Mcu.Family=STM32U5
Mcu.IP0=CORTEX_M33
Mcu.IP1=DEBUG
Mcu.IP2=I2C1
Mcu.IP3=NVIC
Mcu.IP4=RCC
Mcu.IP5=SAI1
Mcu.IP6=SAI2
Mcu.IP7=SPI2
Mcu.IP8=SYS
Mcu.IP9=TIM1
Mcu.IP10=UCPD1
Mcu.IP11=USB_OTG_FS
Mcu.IP12=PWR
Mcu.IPNb=13
Mcu.Name=STM32U575RITx
Mcu.Package=LQFP64
Mcu.Pin0=PA0
Mcu.Pin1=PA1
Mcu.Pin10=PA10
Mcu.Pin11=PA11
Mcu.Pin12=PA12
Mcu.Pin13=PA13
Mcu.Pin14=PA14
Mcu.Pin15=PA15
Mcu.Pin16=PB0
Mcu.Pin17=PB1
Mcu.Pin18=PB2
Mcu.Pin19=PB3
Mcu.Pin2=PA2
Mcu.Pin20=PB4
Mcu.Pin21=PB5
Mcu.Pin22=PB6
Mcu.Pin23=PB7
Mcu.Pin24=PB10
Mcu.Pin25=PB12
Mcu.Pin26=PB13
Mcu.Pin27=PB14
Mcu.Pin28=PC0
Mcu.Pin29=PC1
Mcu.Pin3=PA4
Mcu.Pin30=PC2
Mcu.Pin31=PC3
Mcu.Pin32=PC4
Mcu.Pin33=PC5
Mcu.Pin34=PC6
Mcu.Pin35=PC10
Mcu.Pin36=PC11
Mcu.Pin37=PC12
Mcu.Pin38=PD2
Mcu.Pin39=PD3
Mcu.Pin4=PA5
Mcu.Pin40=PD4
Mcu.Pin41=PD5
Mcu.Pin42=PD6
Mcu.Pin43=PD7
Mcu.Pin44=PD8
Mcu.Pin45=PD9
Mcu.Pin46=PD10
Mcu.Pin47=PD11
Mcu.Pin48=PD12
Mcu.Pin49=PH0
Mcu.Pin5=PA8
Mcu.Pin50=PH1
Mcu.Pin51=PH3
Mcu.Pin52=BOOT0
Mcu.Pin6=PA9
Mcu.Pin7=PA10
Mcu.Pin8=PA11
Mcu.Pin9=PA12
Mcu.PinsNb=53
Mcu.ThirdPartyNb=0
Mcu.UserConstants=
Mcu.UserName=STM32U575RITx
MxCube.Version=6.11.0
MxDb.Version=DB.6.0.110
NVIC.BusFault_IRQn=true\:0\:0\:false\:false\:true\:false\:false\:false
NVIC.DebugMonitor_IRQn=true\:0\:0\:false\:false\:true\:false\:false\:false
NVIC.ForceEnableDMAVector=true
NVIC.HardFault_IRQn=true\:0\:0\:false\:false\:true\:false\:false\:false
NVIC.MemoryManagement_IRQn=true\:0\:0\:false\:false\:true\:false\:false\:false
NVIC.NonMaskableInt_IRQn=true\:0\:0\:false\:false\:true\:false\:false\:false
NVIC.PendSV_IRQn=true\:0\:0\:false\:false\:true\:false\:true\:false
NVIC.PriorityGroup=NVIC_PRIORITYGROUP_4
NVIC.SVCall_IRQn=true\:0\:0\:false\:false\:true\:false\:true\:false
NVIC.SysTick_IRQn=true\:15\:0\:false\:false\:true\:false\:true\:false
NVIC.UsageFault_IRQn=true\:0\:0\:false\:false\:true\:false\:false\:false
PA0.GPIOParameters=GPIO_Label
PA0.GPIO_Label=SPK_SDZ
PA0.Locked=true
PA0.Mode=Output
PA0.Signal=GPIO_Output
PA1.GPIOParameters=GPIO_Label
PA1.GPIO_Label=DIR9001_PWDN
PA1.Locked=true
PA1.Mode=Output
PA1.Signal=GPIO_Output
PA10.GPIOParameters=GPIO_Label
PA10.GPIO_Label=IR_RX
PA10.Locked=true
PA10.Mode=Input
PA10.Signal=GPIO_Input
PA11.Locked=true
PA11.Mode=Device_FS
PA11.Signal=USB_OTG_FS_DM
PA12.Locked=true
PA12.Mode=Device_FS
PA12.Signal=USB_OTG_FS_DP
PA13.Locked=true
PA13.Mode=Serial_Wire
PA13.Signal=DEBUG_JTMS-SWDIO
PA14.Locked=true
PA14.Mode=Serial_Wire
PA14.Signal=DEBUG_JTCK-SWCLK
PA15.GPIOParameters=GPIO_Label
PA15.GPIO_Label=STATUS_LED
PA15.Locked=true
PA15.Mode=Output
PA15.Signal=GPIO_Output
PA2.Locked=true
PA2.Mode=SAI_A_MasterWithClock
PA2.Signal=SAI1_MCLK_A
PA4.GPIOParameters=GPIO_Label
PA4.GPIO_Label=UCPD_CC1
PA4.Locked=true
PA4.Signal=UCPD1_CC1
PA5.GPIOParameters=GPIO_Label
PA5.GPIO_Label=UCPD_CC2
PA5.Locked=true
PA5.Signal=UCPD1_CC2
PA8.GPIOParameters=GPIO_Label
PA8.GPIO_Label=TCPP01_FLT
PA8.Locked=true
PA8.Mode=Input
PA8.Signal=GPIO_Input
PA9.GPIOParameters=GPIO_Label
PA9.GPIO_Label=TCPP01_DB
PA9.Locked=true
PA9.Mode=Input
PA9.Signal=GPIO_Input
PB0.GPIOParameters=GPIO_Label
PB0.GPIO_Label=SPDIF_MUX
PB0.Locked=true
PB0.Mode=Output
PB0.Signal=GPIO_Output
PB1.GPIOParameters=GPIO_Label
PB1.GPIO_Label=TCPP01_VBUS_CTRL
PB1.Locked=true
PB1.Mode=Output
PB1.Signal=GPIO_Output
PB10.Locked=true
PB10.Mode=Full_Duplex_Slave
PB10.Signal=SPI2_SCK
PB12.Locked=true
PB12.Mode=Full_Duplex_Slave
PB12.Signal=SPI2_NSS
PB13.Locked=true
PB13.Mode=I2C
PB13.Signal=I2C1_SCL
PB14.Locked=true
PB14.Mode=I2C
PB14.Signal=I2C1_SDA
PB15.Locked=true
PB15.Mode=Full_Duplex_Slave
PB15.Signal=SPI2_MOSI
PB2.GPIOParameters=GPIO_Label
PB2.GPIO_Label=SAI1_FS_B
PB2.Locked=true
PB2.Mode=SAI_B_Slave
PB2.Signal=SAI1_FS_B
PB3.Locked=true
PB3.Mode=DEBUG
PB3.Signal=DEBUG_JTDO-SWO
PB4.Locked=true
PB4.Mode=Full_Duplex_Slave
PB4.Signal=SPI2_MISO
PB5.GPIOParameters=GPIO_Label
PB5.GPIO_Label=SAI2_SD_A
PB5.Locked=true
PB5.Mode=SAI_A_SPDIF
PB5.Signal=SAI2_SD_A
PC0.Locked=true
PC0.Mode=SAI_A_MasterWithClock
PC0.Signal=SAI1_SCK_A
PC1.Locked=true
PC1.Mode=SAI_A_MasterWithClock
PC1.Signal=SAI1_FS_A
PC2.Locked=true
PC2.Mode=SAI_A_MasterWithClock
PC2.Signal=SAI1_SD_A
PC3.Locked=true
PC3.Mode=SAI_B_Slave
PC3.Signal=SAI1_SCK_B
PC4.Locked=true
PC4.Mode=SAI_B_Slave
PC4.Signal=SAI1_SD_B
PC5.GPIOParameters=GPIO_Label
PC5.GPIO_Label=SAI2_FS_B
PC5.Locked=true
PC5.Mode=SAI_B_MasterWithClock
PC5.Signal=SAI2_FS_B
PC6.GPIOParameters=GPIO_Label
PC6.GPIO_Label=SAI2_SCK_B
PC6.Locked=true
PC6.Mode=SAI_B_MasterWithClock
PC6.Signal=SAI2_SCK_B
PC10.GPIOParameters=GPIO_Label
PC10.GPIO_Label=SAI2_SD_B
PC10.Locked=true
PC10.Mode=SAI_B_MasterWithClock
PC10.Signal=SAI2_SD_B
PC11.GPIOParameters=GPIO_Label
PC11.GPIO_Label=SAI2_MCLK_B
PC11.Locked=true
PC11.Mode=SAI_B_MasterWithClock
PC11.Signal=SAI2_MCLK_B
PD2.GPIOParameters=GPIO_Label
PD2.GPIO_Label=USB_VBUS_CTRL
PD2.Locked=true
PD2.Mode=Output
PD2.Signal=GPIO_Output
PH0.Locked=true
PH0.Mode=HSE-External-Clock-Source
PH0.Signal=RCC_OSC_IN
PWR.IPParameters=RegulatorVoltage
PWR.RegulatorVoltage=PWR_REGULATOR_VOLTAGE_SCALE4
RCC.AHBFreq_Value=160000000
RCC.APB1Freq_Value=160000000
RCC.APB2Freq_Value=160000000
RCC.APB3Freq_Value=160000000
RCC.CK48MFreq_Value=48000000
RCC.CortexFreq_Value=160000000
RCC.HSE_VALUE=24576000
RCC.HSIVirtualValue=16000000
RCC.HSI_VALUE=16000000
RCC.I2C1Freq_Value=160000000
RCC.IPParameters=AHBFreq_Value,APB1Freq_Value,APB2Freq_Value,APB3Freq_Value,CK48MFreq_Value,CortexFreq_Value,HSE_VALUE,HSIVirtualValue,HSI_VALUE,I2C1Freq_Value,MSIClockRange,MSI_VALUE,PLL1FRACN,PLL1M,PLL1N,PLL1P,PLL1Q,PLL1R,PLL2FRACN,PLL2M,PLL2N,PLL2P,PLL2Q,PLL2R,PLLClockSource,SYSCLKFreq_VALUE,SYSCLKSource,USART1Freq_Value,USART2Freq_Value,USBFreq_Value,VCOInput1Freq_Value,VCOInput2Freq_Value,VCOInput3Freq_Value,VCOOutput1Freq_Value,VCOOutput2Freq_Value,VCOOutput3Freq_Value
RCC.MSIClockRange=RCC_MSIRANGE_4
RCC.MSI_VALUE=16000000
RCC.PLL1FRACN=0
RCC.PLL1M=4
RCC.PLL1N=52
RCC.PLL1P=2
RCC.PLL1Q=2
RCC.PLL1R=2
RCC.PLL2FRACN=0
RCC.PLL2M=4
RCC.PLL2N=52
RCC.PLL2P=2
RCC.PLL2Q=2
RCC.PLL2R=2
RCC.PLLClockSource=RCC_PLLSOURCE_HSE
RCC.SYSCLKFreq_VALUE=160000000
RCC.SYSCLKSource=RCC_SYSCLKSOURCE_PLLCLK
RCC.USART1Freq_Value=160000000
RCC.USART2Freq_Value=160000000
RCC.USBFreq_Value=48000000
RCC.VCOInput1Freq_Value=6144000
RCC.VCOInput2Freq_Value=6144000
RCC.VCOInput3Freq_Value=6144000
RCC.VCOOutput1Freq_Value=128000000
RCC.VCOOutput2Freq_Value=128000000
RCC.VCOOutput3Freq_Value=128000000
SAI1.IPParameters=Instance-SAI_A_MasterWithClock,VirtualMode-SAI_A_MasterWithClock,MckOutput-SAI_A_MasterWithClock,RealAudioFreq-SAI_A_MasterWithClock,Instance-SAI_B_Slave,VirtualMode-SAI_B_Slave,RealAudioFreq-SAI_B_Slave
SAI1.Instance-SAI_A_MasterWithClock=SAI$Index_Block_A
SAI1.VirtualMode-SAI_A_MasterWithClock=VM_MASTER
SAI1.MckOutput-SAI_A_MasterWithClock=SAI_MCK_OUTPUT_ENABLE
SAI1.RealAudioFreq-SAI_A_MasterWithClock=240.0 KHz
SAI1.Instance-SAI_B_Slave=SAI$Index_Block_B
SAI1.VirtualMode-SAI_B_Slave=VM_SLAVE
SAI1.RealAudioFreq-SAI_B_Slave=240.0 KHz
SAI2.IPParameters=Instance-SAI_A_SPDIF,VirtualMode-SAI_A_SPDIF,Instance-SAI_B_MasterWithClock,VirtualMode-SAI_B_MasterWithClock,MckOutput-SAI_B_MasterWithClock,RealAudioFreq-SAI_B_MasterWithClock
SAI2.Instance-SAI_A_SPDIF=SAI$Index_Block_A
SAI2.VirtualMode-SAI_A_SPDIF=VM_SPDIF
SAI2.Instance-SAI_B_MasterWithClock=SAI$Index_Block_B
SAI2.VirtualMode-SAI_B_MasterWithClock=VM_MASTER
SAI2.MckOutput-SAI_B_MasterWithClock=SAI_MCK_OUTPUT_ENABLE
SAI2.RealAudioFreq-SAI_B_MasterWithClock=240.0 KHz
SPI2.Direction=SPI_DIRECTION_2LINES
SPI2.IPParameters=VirtualType,Mode,Direction,VirtualNSS
SPI2.Mode=SPI_MODE_SLAVE
SPI2.VirtualNSS=VM_NSSHARD
SPI2.VirtualType=VM_SLAVE
UCPD1.IPParameters=Protocol
UCPD1.Protocol=UCPD_PROTOCOL_TYPE_C_2_0
USB_OTG_FS.IPParameters=VirtualMode
USB_OTG_FS.VirtualMode=Device_FS
VP_SYS_VS_Systick.Mode=SysTick
VP_SYS_VS_Systick.Signal=SYS_VS_Systick
board=custom